// !$*UTF8*$!
{
	archiveVersion = 1;
	classes = {
	};
	objectVersion = 50;
	objects = {

/* Begin PBXBuildFile section */
		E5DC8F292595337D002A1CA4 /* AppDelegate.swift in Sources */ = {isa = PBXBuildFile; fileRef = E5DC8F282595337D002A1CA4 /* AppDelegate.swift */; };
		E5DC8F2B2595337D002A1CA4 /* SceneDelegate.swift in Sources */ = {isa = PBXBuildFile; fileRef = E5DC8F2A2595337D002A1CA4 /* SceneDelegate.swift */; };
		E5DC8F2D2595337D002A1CA4 /* Task2VC.swift in Sources */ = {isa = PBXBuildFile; fileRef = E5DC8F2C2595337D002A1CA4 /* Task2VC.swift */; };
		E5DC8F302595337D002A1CA4 /* Main.storyboard in Resources */ = {isa = PBXBuildFile; fileRef = E5DC8F2E2595337D002A1CA4 /* Main.storyboard */; };
		E5DC8F3225953381002A1CA4 /* Assets.xcassets in Resources */ = {isa = PBXBuildFile; fileRef = E5DC8F3125953381002A1CA4 /* Assets.xcassets */; };
		E5DC8F3525953381002A1CA4 /* LaunchScreen.storyboard in Resources */ = {isa = PBXBuildFile; fileRef = E5DC8F3325953381002A1CA4 /* LaunchScreen.storyboard */; };
/* End PBXBuildFile section */

/* Begin PBXFileReference section */
		E5DC8F252595337D002A1CA4 /* Task2.app */ = {isa = PBXFileReference; explicitFileType = wrapper.application; includeInIndex = 0; path = Task2.app; sourceTree = BUILT_PRODUCTS_DIR; };
		E5DC8F282595337D002A1CA4 /* AppDelegate.swift */ = {isa = PBXFileReference; lastKnownFileType = sourcecode.swift; path = AppDelegate.swift; sourceTree = "<group>"; };
		E5DC8F2A2595337D002A1CA4 /* SceneDelegate.swift */ = {isa = PBXFileReference; lastKnownFileType = sourcecode.swift; path = SceneDelegate.swift; sourceTree = "<group>"; };
		E5DC8F2C2595337D002A1CA4 /* Task2VC.swift */ = {isa = PBXFileReference; lastKnownFileType = sourcecode.swift; name = Task2VC.swift; path = Task2/Task2VC.swift; sourceTree = SOURCE_ROOT; };
		E5DC8F2F2595337D002A1CA4 /* Base */ = {isa = PBXFileReference; lastKnownFileType = file.storyboard; name = Base; path = Base.lproj/Main.storyboard; sourceTree = "<group>"; };
		E5DC8F3125953381002A1CA4 /* Assets.xcassets */ = {isa = PBXFileReference; lastKnownFileType = folder.assetcatalog; path = Assets.xcassets; sourceTree = "<group>"; };
		E5DC8F3425953381002A1CA4 /* Base */ = {isa = PBXFileReference; lastKnownFileType = file.storyboard; name = Base; path = Base.lproj/LaunchScreen.storyboard; sourceTree = "<group>"; };
		E5DC8F3625953381002A1CA4 /* Info.plist */ = {isa = PBXFileReference; lastKnownFileType = text.plist.xml; path = Info.plist; sourceTree = "<group>"; };
/* End PBXFileReference section */

/* Begin PBXFrameworksBuildPhase section */
		E5DC8F222595337D002A1CA4 /* Frameworks */ = {
			isa = PBXFrameworksBuildPhase;
			buildActionMask = 2147483647;
			files = (
			);
			runOnlyForDeploymentPostprocessing = 0;
		};
/* End PBXFrameworksBuildPhase section */

/* Begin PBXGroup section */
		E5DC8F1C2595337D002A1CA4 = {
			isa = PBXGroup;
			children = (
				E5DC8F272595337D002A1CA4 /* Task2 */,
				E5DC8F262595337D002A1CA4 /* Products */,
			);
			sourceTree = "<group>";
		};
		E5DC8F262595337D002A1CA4 /* Products */ = {
			isa = PBXGroup;
			children = (
				E5DC8F252595337D002A1CA4 /* Task2.app */,
			);
			name = Products;
			sourceTree = "<group>";
		};
		E5DC8F272595337D002A1CA4 /* Task2 */ = {
			isa = PBXGroup;
			children = (
				E5DC8F282595337D002A1CA4 /* AppDelegate.swift */,
				E5DC8F2A2595337D002A1CA4 /* SceneDelegate.swift */,
				E5DC8F2C2595337D002A1CA4 /* Task2VC.swift */,
				E5DC8F2E2595337D002A1CA4 /* Main.storyboard */,
				E5DC8F3125953381002A1CA4 /* Assets.xcassets */,
				E5DC8F3325953381002A1CA4 /* LaunchScreen.storyboard */,
				E5DC8F3625953381002A1CA4 /* Info.plist */,
			);
			path = Task2;
			sourceTree = "<group>";
		};
/* End PBXGroup section */

/* Begin PBXNativeTarget section */
		E5DC8F242595337D002A1CA4 /* Task2 */ = {
			isa = PBXNativeTarget;
			buildConfigurationList = E5DC8F3925953381002A1CA4 /* Build configuration list for PBXNativeTarget "Task2" */;
			buildPhases = (
				E5DC8F212595337D002A1CA4 /* Sources */,
				E5DC8F222595337D002A1CA4 /* Frameworks */,
				E5DC8F232595337D002A1CA4 /* Resources */,
			);
			buildRules = (
			);
			dependencies = (
			);
			name = Task2;
			productName = Task2;
			productReference = E5DC8F252595337D002A1CA4 /* Task2.app */;
			productType = "com.apple.product-type.application";
		};
/* End PBXNativeTarget section */

/* Begin PBXProject section */
		E5DC8F1D2595337D002A1CA4 /* Project object */ = {
			isa = PBXProject;
			attributes = {
				LastSwiftUpdateCheck = 1220;
				LastUpgradeCheck = 1220;
				TargetAttributes = {
					E5DC8F242595337D002A1CA4 = {
						CreatedOnToolsVersion = 12.2;
					};
				};
			};
			buildConfigurationList = E5DC8F202595337D002A1CA4 /* Build configuration list for PBXProject "Task2" */;
			compatibilityVersion = "Xcode 9.3";
			developmentRegion = en;
			hasScannedForEncodings = 0;
			knownRegions = (
				en,
				Base,
			);
			mainGroup = E5DC8F1C2595337D002A1CA4;
			productRefGroup = E5DC8F262595337D002A1CA4 /* Products */;
			projectDirPath = "";
			projectRoot = "";
			targets = (
				E5DC8F242595337D002A1CA4 /* Task2 */,
			);
		};
/* End PBXProject section */

/* Begin PBXResourcesBuildPhase section */
		E5DC8F232595337D002A1CA4 /* Resources */ = {
			isa = PBXResourcesBuildPhase;
			buildActionMask = 2147483647;
			files = (
				E5DC8F3525953381002A1CA4 /* LaunchScreen.storyboard in Resources */,
				E5DC8F3225953381002A1CA4 /* Assets.xcassets in Resources */,
				E5DC8F302595337D002A1CA4 /* Main.storyboard in Resources */,
			);
			runOnlyForDeploymentPostprocessing = 0;
		};
/* End PBXResourcesBuildPhase section */

/* Begin PBXSourcesBuildPhase section */
		E5DC8F212595337D002A1CA4 /* Sources */ = {
			isa = PBXSourcesBuildPhase;
			buildActionMask = 2147483647;
			files = (
				E5DC8F2D2595337D002A1CA4 /* Task2VC.swift in Sources */,
				E5DC8F292595337D002A1CA4 /* AppDelegate.swift in Sources */,
				E5DC8F2B2595337D002A1CA4 /* SceneDelegate.swift in Sources */,
			);
			runOnlyForDeploymentPostprocessing = 0;
		};
/* End PBXSourcesBuildPhase section */

/* Begin PBXVariantGroup section */
		E5DC8F2E2595337D002A1CA4 /* Main.storyboard */ = {
			isa = PBXVariantGroup;
			children = (
				E5DC8F2F2595337D002A1CA4 /* Base */,
			);
			name = Main.storyboard;
			sourceTree = "<group>";
		};
		E5DC8F3325953381002A1CA4 /* LaunchScreen.storyboard */ = {
			isa = PBXVariantGroup;
			children = (
				E5DC8F3425953381002A1CA4 /* Base */,
			);
			name = LaunchScreen.storyboard;
			sourceTree = "<group>";
		};
/* End PBXVariantGroup section */

/* Begin XCBuildConfiguration section */
		E5DC8F3725953381002A1CA4 /* Debug */ = {
			isa = XCBuildConfiguration;
			buildSettings = {
				ALWAYS_SEARCH_USER_PATHS = NO;
				CLANG_ANALYZER_NONNULL = YES;
				CLANG_ANALYZER_NUMBER_OBJECT_CONVERSION = YES_AGGRESSIVE;
				CLANG_CXX_LANGUAGE_STANDARD = "gnu++14";
				CLANG_CXX_LIBRARY = "libc++";
				CLANG_ENABLE_MODULES = YES;
				CLANG_ENABLE_OBJC_ARC = YES;
				CLANG_ENABLE_OBJC_WEAK = YES;
				CLANG_WARN_BLOCK_CAPTURE_AUTORELEASING = YES;
				CLANG_WARN_BOOL_CONVERSION = YES;
				CLANG_WARN_COMMA = YES;
				CLANG_WARN_CONSTANT_CONVERSION = YES;
				CLANG_WARN_DEPRECATED_OBJC_IMPLEMENTATIONS = YES;
				CLANG_WARN_DIRECT_OBJC_ISA_USAGE = YES_ERROR;
				CLANG_WARN_DOCUMENTATION_COMMENTS = YES;
				CLANG_WARN_EMPTY_BODY = YES;
				CLANG_WARN_ENUM_CONVERSION = YES;
				CLANG_WARN_INFINITE_RECURSION = YES;
				CLANG_WARN_INT_CONVERSION = YES;
				CLANG_WARN_NON_LITERAL_NULL_CONVERSION = YES;
				CLANG_WARN_OBJC_IMPLICIT_RETAIN_SELF = YES;
				CLANG_WARN_OBJC_LITERAL_CONVERSION = YES;
				CLANG_WARN_OBJC_ROOT_CLASS = YES_ERROR;
				CLANG_WARN_QUOTED_INCLUDE_IN_FRAMEWORK_HEADER = YES;
				CLANG_WARN_RANGE_LOOP_ANALYSIS = YES;
				CLANG_WARN_STRICT_PROTOTYPES = YES;
				CLANG_WARN_SUSPICIOUS_MOVE = YES;
				CLANG_WARN_UNGUARDED_AVAILABILITY = YES_AGGRESSIVE;
				CLANG_WARN_UNREACHABLE_CODE = YES;
				CLANG_WARN__DUPLICATE_METHOD_MATCH = YES;
				COPY_PHASE_STRIP = NO;
				DEBUG_INFORMATION_FORMAT = dwarf;
				ENABLE_STRICT_OBJC_MSGSEND = YES;
				ENABLE_TESTABILITY = YES;
				GCC_C_LANGUAGE_STANDARD = gnu11;
				GCC_DYNAMIC_NO_PIC = NO;
				GCC_NO_COMMON_BLOCKS = YES;
				GCC_OPTIMIZATION_LEVEL = 0;
				GCC_PREPROCESSOR_DEFINITIONS = (
					"DEBUG=1",
					"$(inherited)",
				);
				GCC_WARN_64_TO_32_BIT_CONVERSION = YES;
				GCC_WARN_ABOUT_RETURN_TYPE = YES_ERROR;
				GCC_WARN_UNDECLARED_SELECTOR = YES;
				GCC_WARN_UNINITIALIZED_AUTOS = YES_AGGRESSIVE;
				GCC_WARN_UNUSED_FUNCTION = YES;
				GCC_WARN_UNUSED_VARIABLE = YES;
				IPHONEOS_DEPLOYMENT_TARGET = 14.2;
				MTL_ENABLE_DEBUG_INFO = INCLUDE_SOURCE;
				MTL_FAST_MATH = YES;
				ONLY_ACTIVE_ARCH = YES;
				SDKROOT = iphoneos;
				SWIFT_ACTIVE_COMPILATION_CONDITIONS = DEBUG;
				SWIFT_OPTIMIZATION_LEVEL = "-Onone";
			};
			name = Debug;
		};
		E5DC8F3825953381002A1CA4 /* Release */ = {
			isa = XCBuildConfiguration;
			buildSettings = {
				ALWAYS_SEARCH_USER_PATHS = NO;
				CLANG_ANALYZER_NONNULL = YES;
				CLANG_ANALYZER_NUMBER_OBJECT_CONVERSION = YES_AGGRESSIVE;
				CLANG_CXX_LANGUAGE_STANDARD = "gnu++14";
				CLANG_CXX_LIBRARY = "libc++";
				CLANG_ENABLE_MODULES = YES;
				CLANG_ENABLE_OBJC_ARC = YES;
				CLANG_ENABLE_OBJC_WEAK = YES;
				CLANG_WARN_BLOCK_CAPTURE_AUTORELEASING = YES;
				CLANG_WARN_BOOL_CONVERSION = YES;
				CLANG_WARN_COMMA = YES;
				CLANG_WARN_CONSTANT_CONVERSION = YES;
				CLANG_WARN_DEPRECATED_OBJC_IMPLEMENTATIONS = YES;
				CLANG_WARN_DIRECT_OBJC_ISA_USAGE = YES_ERROR;
				CLANG_WARN_DOCUMENTATION_COMMENTS = YES;
				CLANG_WARN_EMPTY_BODY = YES;
				CLANG_WARN_ENUM_CONVERSION = YES;
				CLANG_WARN_INFINITE_RECURSION = YES;
				CLANG_WARN_INT_CONVERSION = YES;
				CLANG_WARN_NON_LITERAL_NULL_CONVERSION = YES;
				CLANG_WARN_OBJC_IMPLICIT_RETAIN_SELF = YES;
				CLANG_WARN_OBJC_LITERAL_CONVERSION = YES;
				CLANG_WARN_OBJC_ROOT_CLASS = YES_ERROR;
				CLANG_WARN_QUOTED_INCLUDE_IN_FRAMEWORK_HEADER = YES;
				CLANG_WARN_RANGE_LOOP_ANALYSIS = YES;
				CLANG_WARN_STRICT_PROTOTYPES = YES;
				CLANG_WARN_SUSPICIOUS_MOVE = YES;
				CLANG_WARN_UNGUARDED_AVAILABILITY = YES_AGGRESSIVE;
				CLANG_WARN_UNREACHABLE_CODE = YES;
				CLANG_WARN__DUPLICATE_METHOD_MATCH = YES;
				COPY_PHASE_STRIP = NO;
				DEBUG_INFORMATION_FORMAT = "dwarf-with-dsym";
				ENABLE_NS_ASSERTIONS = NO;
				ENABLE_STRICT_OBJC_MSGSEND = YES;
				GCC_C_LANGUAGE_STANDARD = gnu11;
				GCC_NO_COMMON_BLOCKS = YES;
				GCC_WARN_64_TO_32_BIT_CONVERSION = YES;
				GCC_WARN_ABOUT_RETURN_TYPE = YES_ERROR;
				GCC_WARN_UNDECLARED_SELECTOR = YES;
				GCC_WARN_UNINITIALIZED_AUTOS = YES_AGGRESSIVE;
				GCC_WARN_UNUSED_FUNCTION = YES;
				GCC_WARN_UNUSED_VARIABLE = YES;
				IPHONEOS_DEPLOYMENT_TARGET = 14.2;
				MTL_ENABLE_DEBUG_INFO = NO;
				MTL_FAST_MATH = YES;
				SDKROOT = iphoneos;
				SWIFT_COMPILATION_MODE = wholemodule;
				SWIFT_OPTIMIZATION_LEVEL = "-O";
				VALIDATE_PRODUCT = YES;
			};
			name = Release;
		};
		E5DC8F3A25953381002A1CA4 /* Debug */ = {
			isa = XCBuildConfiguration;
			buildSettings = {
				ASSETCATALOG_COMPILER_APPICON_NAME = AppIcon;
				ASSETCATALOG_COMPILER_GLOBAL_ACCENT_COLOR_NAME = AccentColor;
				CODE_SIGN_STYLE = Automatic;
				INFOPLIST_FILE = Task2/Info.plist;
				LD_RUNPATH_SEARCH_PATHS = (
					"$(inherited)",
					"@executable_path/Frameworks",
				);
				PRODUCT_BUNDLE_IDENTIFIER = com.alexsopilnyak.Task2;
				PRODUCT_NAME = "$(TARGET_NAME)";
				SWIFT_VERSION = 5.0;
				TARGETED_DEVICE_FAMILY = "1,2";
			};
			name = Debug;
		};
		E5DC8F3B25953381002A1CA4 /* Release */ = {
			isa = XCBuildConfiguration;
			buildSettings = {
				ASSETCATALOG_COMPILER_APPICON_NAME = AppIcon;
				ASSETCATALOG_COMPILER_GLOBAL_ACCENT_COLOR_NAME = AccentColor;
				CODE_SIGN_STYLE = Automatic;
				INFOPLIST_FILE = Task2/Info.plist;
				LD_RUNPATH_SEARCH_PATHS = (
					"$(inherited)",
					"@executable_path/Frameworks",
				);
				PRODUCT_BUNDLE_IDENTIFIER = com.alexsopilnyak.Task2;
				PRODUCT_NAME = "$(TARGET_NAME)";
				SWIFT_VERSION = 5.0;
				TARGETED_DEVICE_FAMILY = "1,2";
			};
			name = Release;
		};
/* End XCBuildConfiguration section */

/* Begin XCConfigurationList section */
		E5DC8F202595337D002A1CA4 /* Build configuration list for PBXProject "Task2" */ = {
			isa = XCConfigurationList;
			buildConfigurations = (
				E5DC8F3725953381002A1CA4 /* Debug */,
				E5DC8F3825953381002A1CA4 /* Release */,
			);
			defaultConfigurationIsVisible = 0;
			defaultConfigurationName = Release;
		};
		E5DC8F3925953381002A1CA4 /* Build configuration list for PBXNativeTarget "Task2" */ = {
			isa = XCConfigurationList;
			buildConfigurations = (
				E5DC8F3A25953381002A1CA4 /* Debug */,
				E5DC8F3B25953381002A1CA4 /* Release */,
			);
			defaultConfigurationIsVisible = 0;
			defaultConfigurationName = Release;
		};
/* End XCConfigurationList section */
	};
	rootObject = E5DC8F1D2595337D002A1CA4 /* Project object */;
}
